
Microsoft Visual Studio Solution File, Format Version 12.00
# Visual Studio Version 16
VisualStudioVersion = 16.0.31702.278
MinimumVisualStudioVersion = 10.0.40219.1
Project("{FAE04EC0-301F-11D3-BF4B-00C04F79EFBC}") = "HW03_09156146", "HW03_09156146\HW03_09156146.csproj", "{E8FAD81C-EA69-4B57-8CCA-D9B8322E80B5}"
EndProject
Global
	GlobalSection(SolutionConfigurationPlatforms) = preSolution
		Debug|Any CPU = Debug|Any CPU
		Release|Any CPU = Release|Any CPU
	EndGlobalSection
	GlobalSection(ProjectConfigurationPlatforms) = postSolution
		{E8FAD81C-EA69-4B57-8CCA-D9B8322E80B5}.Debug|Any CPU.ActiveCfg = Debug|Any CPU
		{E8FAD81C-EA69-4B57-8CCA-D9B8322E80B5}.Debug|Any CPU.Build.0 = Debug|Any CPU
		{E8FAD81C-EA69-4B57-8CCA-D9B8322E80B5}.Release|Any CPU.ActiveCfg = Release|Any CPU
		{E8FAD81C-EA69-4B57-8CCA-D9B8322E80B5}.Release|Any CPU.Build.0 = Release|Any CPU
	EndGlobalSection
	GlobalSection(SolutionProperties) = preSolution
		HideSolutionNode = FALSE
	EndGlobalSection
	GlobalSection(ExtensibilityGlobals) = postSolution
		SolutionGuid = {9F8140DC-274F-4B16-B99C-DE77FA5688BC}
	EndGlobalSection
EndGlobal
